{
    "_readme": [
        "This file locks the dependencies of your project to a known state",
        "Read more about it at http://getcomposer.org/doc/01-basic-usage.md#composer-lock-the-lock-file",
        "This file is @generated automatically"
    ],
    "hash": "e7c04a7b76f2f119f8567130de21bdc2",
    "packages": [
        {
            "name": "moltin/php-sdk",
            "version": "dev-version1",
            "source": {
                "type": "git",
                "url": "https://github.com/moltin/php-sdk.git",
                "reference": "f21d9f817495b499ce0e6243328dc52cf2e43b3f"
            },
            "dist": {
                "type": "zip",
                "url": "https://api.github.com/repos/moltin/php-sdk/zipball/f21d9f817495b499ce0e6243328dc52cf2e43b3f",
                "reference": "f21d9f817495b499ce0e6243328dc52cf2e43b3f",
                "shasum": ""
            },
            "require": {
                "php": ">=5.3.0"
            },
            "require-dev": {
                "mockery/mockery": "0.7.*",
                "phpunit/phpunit": "3.7.*"
            },
            "type": "library",
            "autoload": {
                "psr-0": {
                    "Moltin": "src/"
                }
            },
            "notification-url": "https://packagist.org/downloads/",
            "authors": [
                {
                    "name": "Moltin Ltd",
                    "email": "support@molt.in",
                    "homepage": "http://molt.in",
                    "role": "Vendor"
                }
            ],
            "description": "The Moltin php-sdk is a simple to use interface for the API to help you get off the ground quickly and efficiently",
            "time": "2015-04-22 00:46:27"
        }
    ],
    "packages-dev": [],
    "aliases": [],
    "minimum-stability": "stable",
    "stability-flags": {
        "moltin/php-sdk": 20
    },
    "prefer-stable": false,
    "prefer-lowest": false,
    "platform": [],
    "platform-dev": []
}
